
Microsoft Visual Studio Solution File, Format Version 12.00
# Visual Studio Version 17
VisualStudioVersion = 17.5.002.0
MinimumVisualStudioVersion = 10.0.40219.1
Project("{9A19103F-16F7-4668-BE54-9A1E7A4F7556}") = "tl1-tp6-2024-Agstn02", "tl1-tp6-2024-Agstn02.csproj", "{B8BFA244-DB6D-4EAE-BEF2-50BCF47969ED}"
EndProject
Global
	GlobalSection(SolutionConfigurationPlatforms) = preSolution
		Debug|Any CPU = Debug|Any CPU
		Release|Any CPU = Release|Any CPU
	EndGlobalSection
	GlobalSection(ProjectConfigurationPlatforms) = postSolution
		{B8BFA244-DB6D-4EAE-BEF2-50BCF47969ED}.Debug|Any CPU.ActiveCfg = Debug|Any CPU
		{B8BFA244-DB6D-4EAE-BEF2-50BCF47969ED}.Debug|Any CPU.Build.0 = Debug|Any CPU
		{B8BFA244-DB6D-4EAE-BEF2-50BCF47969ED}.Release|Any CPU.ActiveCfg = Release|Any CPU
		{B8BFA244-DB6D-4EAE-BEF2-50BCF47969ED}.Release|Any CPU.Build.0 = Release|Any CPU
	EndGlobalSection
	GlobalSection(SolutionProperties) = preSolution
		HideSolutionNode = FALSE
	EndGlobalSection
	GlobalSection(ExtensibilityGlobals) = postSolution
		SolutionGuid = {1D423CD7-7AAD-4310-AE0E-ED15735D98E8}
	EndGlobalSection
EndGlobal
